
Microsoft Visual Studio Solution File, Format Version 12.00
# Visual Studio 2013
VisualStudioVersion = 12.0.31101.0
MinimumVisualStudioVersion = 10.0.40219.1
Project("{FAE04EC0-301F-11D3-BF4B-00C04F79EFBC}") = "TheModulatorServerCommon", "ModularTest\TheModulatorServerCommon.csproj", "{44BA1714-9B62-404D-AE97-BFDAD56337E8}"
EndProject
Project("{FAE04EC0-301F-11D3-BF4B-00C04F79EFBC}") = "TheModulator", "ModularServer\TheModulator.csproj", "{F908B6EA-9294-4BF8-B31F-6D5B2A327DF6}"
EndProject
Project("{FAE04EC0-301F-11D3-BF4B-00C04F79EFBC}") = "Module1", "Module1\Module1.csproj", "{DF5B98ED-BFA1-4968-9EE3-E910E978BAC7}"
EndProject
Global
	GlobalSection(SolutionConfigurationPlatforms) = preSolution
		Debug|Any CPU = Debug|Any CPU
		Release|Any CPU = Release|Any CPU
	EndGlobalSection
	GlobalSection(ProjectConfigurationPlatforms) = postSolution
		{44BA1714-9B62-404D-AE97-BFDAD56337E8}.Debug|Any CPU.ActiveCfg = Debug|Any CPU
		{44BA1714-9B62-404D-AE97-BFDAD56337E8}.Debug|Any CPU.Build.0 = Debug|Any CPU
		{44BA1714-9B62-404D-AE97-BFDAD56337E8}.Release|Any CPU.ActiveCfg = Release|Any CPU
		{44BA1714-9B62-404D-AE97-BFDAD56337E8}.Release|Any CPU.Build.0 = Release|Any CPU
		{F908B6EA-9294-4BF8-B31F-6D5B2A327DF6}.Debug|Any CPU.ActiveCfg = Debug|Any CPU
		{F908B6EA-9294-4BF8-B31F-6D5B2A327DF6}.Debug|Any CPU.Build.0 = Debug|Any CPU
		{F908B6EA-9294-4BF8-B31F-6D5B2A327DF6}.Release|Any CPU.ActiveCfg = Release|Any CPU
		{F908B6EA-9294-4BF8-B31F-6D5B2A327DF6}.Release|Any CPU.Build.0 = Release|Any CPU
		{DF5B98ED-BFA1-4968-9EE3-E910E978BAC7}.Debug|Any CPU.ActiveCfg = Debug|Any CPU
		{DF5B98ED-BFA1-4968-9EE3-E910E978BAC7}.Debug|Any CPU.Build.0 = Debug|Any CPU
		{DF5B98ED-BFA1-4968-9EE3-E910E978BAC7}.Release|Any CPU.ActiveCfg = Release|Any CPU
		{DF5B98ED-BFA1-4968-9EE3-E910E978BAC7}.Release|Any CPU.Build.0 = Release|Any CPU
	EndGlobalSection
	GlobalSection(SolutionProperties) = preSolution
		HideSolutionNode = FALSE
	EndGlobalSection
EndGlobal
